
Microsoft Visual Studio Solution File, Format Version 12.00
# Visual Studio Version 17
VisualStudioVersion = 17.0.31903.59
MinimumVisualStudioVersion = 10.0.40219.1
Project("{2150E333-8FDC-42A3-9474-1A3956D46DE8}") = "src", "src", "{9736CD6C-7DF7-4670-8A2B-E489CB002948}"
EndProject
Project("{FAE04EC0-301F-11D3-BF4B-00C04F79EFBC}") = "G54.Api", "src\G54.Api\G54.Api.csproj", "{CB88E07D-7065-468F-8719-89A721D32DF7}"
EndProject
Project("{FAE04EC0-301F-11D3-BF4B-00C04F79EFBC}") = "G54.BLL", "src\G54.BLL\G54.BLL.csproj", "{5597AA6A-F0D6-4D5E-A60A-8472EC46F41F}"
EndProject
Project("{FAE04EC0-301F-11D3-BF4B-00C04F79EFBC}") = "G54.DAL", "src\G54.DAL\G54.DAL.csproj", "{5E54D733-8CA8-4115-AA97-09A1B1FE5D97}"
EndProject
Project("{FAE04EC0-301F-11D3-BF4B-00C04F79EFBC}") = "G54.DbMigrator", "src\G54.DbMigrator\G54.DbMigrator.csproj", "{69804D05-6428-49E2-AA3E-78A432C788B4}"
EndProject
Project("{2150E333-8FDC-42A3-9474-1A3956D46DE8}") = "tests", "tests", "{E8B18F74-22E7-4CAD-A031-F9406198AE36}"
EndProject
Project("{FAE04EC0-301F-11D3-BF4B-00C04F79EFBC}") = "G54.UnitTests", "tests\G54.UnitTests\G54.UnitTests.csproj", "{A380B310-BB90-45C8-A702-77341767687D}"
EndProject
Global
	GlobalSection(SolutionConfigurationPlatforms) = preSolution
		Debug|Any CPU = Debug|Any CPU
		Release|Any CPU = Release|Any CPU
	EndGlobalSection
	GlobalSection(SolutionProperties) = preSolution
		HideSolutionNode = FALSE
	EndGlobalSection
	GlobalSection(ProjectConfigurationPlatforms) = postSolution
		{CB88E07D-7065-468F-8719-89A721D32DF7}.Debug|Any CPU.ActiveCfg = Debug|Any CPU
		{CB88E07D-7065-468F-8719-89A721D32DF7}.Debug|Any CPU.Build.0 = Debug|Any CPU
		{CB88E07D-7065-468F-8719-89A721D32DF7}.Release|Any CPU.ActiveCfg = Release|Any CPU
		{CB88E07D-7065-468F-8719-89A721D32DF7}.Release|Any CPU.Build.0 = Release|Any CPU
		{5597AA6A-F0D6-4D5E-A60A-8472EC46F41F}.Debug|Any CPU.ActiveCfg = Debug|Any CPU
		{5597AA6A-F0D6-4D5E-A60A-8472EC46F41F}.Debug|Any CPU.Build.0 = Debug|Any CPU
		{5597AA6A-F0D6-4D5E-A60A-8472EC46F41F}.Release|Any CPU.ActiveCfg = Release|Any CPU
		{5597AA6A-F0D6-4D5E-A60A-8472EC46F41F}.Release|Any CPU.Build.0 = Release|Any CPU
		{5E54D733-8CA8-4115-AA97-09A1B1FE5D97}.Debug|Any CPU.ActiveCfg = Debug|Any CPU
		{5E54D733-8CA8-4115-AA97-09A1B1FE5D97}.Debug|Any CPU.Build.0 = Debug|Any CPU
		{5E54D733-8CA8-4115-AA97-09A1B1FE5D97}.Release|Any CPU.ActiveCfg = Release|Any CPU
		{5E54D733-8CA8-4115-AA97-09A1B1FE5D97}.Release|Any CPU.Build.0 = Release|Any CPU
		{69804D05-6428-49E2-AA3E-78A432C788B4}.Debug|Any CPU.ActiveCfg = Debug|Any CPU
		{69804D05-6428-49E2-AA3E-78A432C788B4}.Debug|Any CPU.Build.0 = Debug|Any CPU
		{69804D05-6428-49E2-AA3E-78A432C788B4}.Release|Any CPU.ActiveCfg = Release|Any CPU
		{69804D05-6428-49E2-AA3E-78A432C788B4}.Release|Any CPU.Build.0 = Release|Any CPU
		{A380B310-BB90-45C8-A702-77341767687D}.Debug|Any CPU.ActiveCfg = Debug|Any CPU
		{A380B310-BB90-45C8-A702-77341767687D}.Debug|Any CPU.Build.0 = Debug|Any CPU
		{A380B310-BB90-45C8-A702-77341767687D}.Release|Any CPU.ActiveCfg = Release|Any CPU
		{A380B310-BB90-45C8-A702-77341767687D}.Release|Any CPU.Build.0 = Release|Any CPU
	EndGlobalSection
	GlobalSection(NestedProjects) = preSolution
		{CB88E07D-7065-468F-8719-89A721D32DF7} = {9736CD6C-7DF7-4670-8A2B-E489CB002948}
		{5597AA6A-F0D6-4D5E-A60A-8472EC46F41F} = {9736CD6C-7DF7-4670-8A2B-E489CB002948}
		{5E54D733-8CA8-4115-AA97-09A1B1FE5D97} = {9736CD6C-7DF7-4670-8A2B-E489CB002948}
		{69804D05-6428-49E2-AA3E-78A432C788B4} = {9736CD6C-7DF7-4670-8A2B-E489CB002948}
		{A380B310-BB90-45C8-A702-77341767687D} = {E8B18F74-22E7-4CAD-A031-F9406198AE36}
	EndGlobalSection
EndGlobal
